
Microsoft Visual Studio Solution File, Format Version 12.00
# Visual Studio 2013
VisualStudioVersion = 12.0.40629.0
MinimumVisualStudioVersion = 10.0.40219.1
Project("{FAE04EC0-301F-11D3-BF4B-00C04F79EFBC}") = "GewProductivityAppService", "GewProductivityAppService\GewProductivityAppService.csproj", "{228AEF25-D56C-4380-B87E-AFCD879A652F}"
EndProject
Project("{2150E333-8FDC-42A3-9474-1A3956D46DE8}") = "GEW-MIS01", "GEW-MIS01", "{9645EEF3-7A30-4D89-8AEC-C66554EB447C}"
EndProject
Project("{FAE04EC0-301F-11D3-BF4B-00C04F79EFBC}") = "YDMDB", "YDMDB\YDMDB.csproj", "{4C525D03-BC07-4DEE-88BF-9525C6172B03}"
EndProject
Project("{FAE04EC0-301F-11D3-BF4B-00C04F79EFBC}") = "GEW-MIS01", "GEW-MIS01\GEW-MIS01.csproj", "{F5B19100-A12F-4EB0-96D8-A534AA001F86}"
EndProject
Global
	GlobalSection(SolutionConfigurationPlatforms) = preSolution
		Debug|Any CPU = Debug|Any CPU
		Release|Any CPU = Release|Any CPU
	EndGlobalSection
	GlobalSection(ProjectConfigurationPlatforms) = postSolution
		{228AEF25-D56C-4380-B87E-AFCD879A652F}.Debug|Any CPU.ActiveCfg = Debug|Any CPU
		{228AEF25-D56C-4380-B87E-AFCD879A652F}.Debug|Any CPU.Build.0 = Debug|Any CPU
		{228AEF25-D56C-4380-B87E-AFCD879A652F}.Release|Any CPU.ActiveCfg = Release|Any CPU
		{228AEF25-D56C-4380-B87E-AFCD879A652F}.Release|Any CPU.Build.0 = Release|Any CPU
		{4C525D03-BC07-4DEE-88BF-9525C6172B03}.Debug|Any CPU.ActiveCfg = Debug|Any CPU
		{4C525D03-BC07-4DEE-88BF-9525C6172B03}.Debug|Any CPU.Build.0 = Debug|Any CPU
		{4C525D03-BC07-4DEE-88BF-9525C6172B03}.Release|Any CPU.ActiveCfg = Release|Any CPU
		{4C525D03-BC07-4DEE-88BF-9525C6172B03}.Release|Any CPU.Build.0 = Release|Any CPU
		{F5B19100-A12F-4EB0-96D8-A534AA001F86}.Debug|Any CPU.ActiveCfg = Debug|Any CPU
		{F5B19100-A12F-4EB0-96D8-A534AA001F86}.Debug|Any CPU.Build.0 = Debug|Any CPU
		{F5B19100-A12F-4EB0-96D8-A534AA001F86}.Release|Any CPU.ActiveCfg = Release|Any CPU
		{F5B19100-A12F-4EB0-96D8-A534AA001F86}.Release|Any CPU.Build.0 = Release|Any CPU
	EndGlobalSection
	GlobalSection(SolutionProperties) = preSolution
		HideSolutionNode = FALSE
	EndGlobalSection
	GlobalSection(NestedProjects) = preSolution
		{4C525D03-BC07-4DEE-88BF-9525C6172B03} = {9645EEF3-7A30-4D89-8AEC-C66554EB447C}
		{F5B19100-A12F-4EB0-96D8-A534AA001F86} = {9645EEF3-7A30-4D89-8AEC-C66554EB447C}
	EndGlobalSection
EndGlobal
